
Microsoft Visual Studio Solution File, Format Version 12.00
# Visual Studio Version 17
VisualStudioVersion = 17.5.33502.453
MinimumVisualStudioVersion = 10.0.40219.1
Project("{9A19103F-16F7-4668-BE54-9A1E7A4F7556}") = "SportsStore", "SportsStore.csproj", "{B2479B85-C035-406C-94C7-566A7BF8D709}"
EndProject
Global
	GlobalSection(SolutionConfigurationPlatforms) = preSolution
		Debug|Any CPU = Debug|Any CPU
		Release|Any CPU = Release|Any CPU
	EndGlobalSection
	GlobalSection(ProjectConfigurationPlatforms) = postSolution
		{B2479B85-C035-406C-94C7-566A7BF8D709}.Debug|Any CPU.ActiveCfg = Debug|Any CPU
		{B2479B85-C035-406C-94C7-566A7BF8D709}.Debug|Any CPU.Build.0 = Debug|Any CPU
		{B2479B85-C035-406C-94C7-566A7BF8D709}.Release|Any CPU.ActiveCfg = Release|Any CPU
		{B2479B85-C035-406C-94C7-566A7BF8D709}.Release|Any CPU.Build.0 = Release|Any CPU
	EndGlobalSection
	GlobalSection(SolutionProperties) = preSolution
		HideSolutionNode = FALSE
	EndGlobalSection
	GlobalSection(ExtensibilityGlobals) = postSolution
		SolutionGuid = {68C06D6D-0A4B-4E32-B27C-B3C9ADAD431C}
	EndGlobalSection
EndGlobal
